
Microsoft Visual Studio Solution File, Format Version 12.00
# Visual Studio Version 16
VisualStudioVersion = 16.0.31005.135
MinimumVisualStudioVersion = 10.0.40219.1
Project("{FAE04EC0-301F-11D3-BF4B-00C04F79EFBC}") = "Widget", "Widget\Widget.csproj", "{29A7D889-A21E-4BE0-A179-EBB10A63A1FF}"
EndProject
Global
	GlobalSection(SolutionConfigurationPlatforms) = preSolution
		Debug|Any CPU = Debug|Any CPU
		Release|Any CPU = Release|Any CPU
	EndGlobalSection
	GlobalSection(ProjectConfigurationPlatforms) = postSolution
		{29A7D889-A21E-4BE0-A179-EBB10A63A1FF}.Debug|Any CPU.ActiveCfg = Debug|Any CPU
		{29A7D889-A21E-4BE0-A179-EBB10A63A1FF}.Debug|Any CPU.Build.0 = Debug|Any CPU
		{29A7D889-A21E-4BE0-A179-EBB10A63A1FF}.Release|Any CPU.ActiveCfg = Release|Any CPU
		{29A7D889-A21E-4BE0-A179-EBB10A63A1FF}.Release|Any CPU.Build.0 = Release|Any CPU
	EndGlobalSection
	GlobalSection(SolutionProperties) = preSolution
		HideSolutionNode = FALSE
	EndGlobalSection
	GlobalSection(ExtensibilityGlobals) = postSolution
		SolutionGuid = {16D33D19-6DAF-4EE2-AC9B-C73AD869ABEF}
	EndGlobalSection
EndGlobal
